{
    "feature":  "025-filmes-series-ds-v14",
    "lockedAt":  "2026-09-27 13:33",
    "total":  5,
    "files":  [
                  {
                      "path":  "tv-web/src/lib/catalog/history.filmes-series-ds-v14.contract.test.ts",
                      "sha256":  "9130c3a7480489986e652f05398efb2ba54f6337b97bcd8236da894d22ead2c6",
                      "tests":  2
                  },
                  {
                      "path":  "tv-web/src/features/vod/vodSort.filmes-series-ds-v14.contract.test.ts",
                      "sha256":  "a1acabbb664485abff7ed9c2c9d50e87fc45bf627f09f7aba51385a96596ffeb",
                      "tests":  1
                  },
                  {
                      "path":  "tv-web/src/lib/catalog/vodMetadata.filmes-series-ds-v14.contract.test.ts",
                      "sha256":  "006a147cad0ccdf2fe3bc378ac5a8cfcf241772aa48f8b6566643dfb242f8f3b",
                      "tests":  1
                  },
                  {
                      "path":  "tv-web/src/features/movies/MoviesScreen.filmes-series-ds-v14.contract.test.tsx",
                      "sha256":  "dc6e1e2ce29a7a26c1bb0f8e029d7061b7ae544bc4e2d8c01de6b8f74f0521b2",
                      "tests":  1
                  }
              ]
}