{
    "feature":  "027-player-chrome-ds-v14",
    "lockedAt":  "2026-09-28 20:36",
    "total":  5,
    "files":  [
                  {
                      "path":  "tv-web/src/components/PlayerLayer.player-chrome.contract.test.tsx",
                      "sha256":  "6e0a687cdb30b791c6a5905154375bbad06ee7413c78e5a6adbd145281edb0d9",
                      "tests":  5
                  }
              ]
}