{
    "feature":  "027-player-chrome-ds-v14",
    "lockedAt":  "2026-10-01 14:16",
    "total":  5,
    "files":  [
                  {
                      "path":  "tv-web/src/components/PlayerLayer.player-chrome.contract.test.tsx",
                      "sha256":  "005dec423cbf9794f46fda44834ba0a67e0aa517635b1935b0e28eb91b043262",
                      "tests":  5
                  }
              ]
}