{
    "feature":  "017-busca-local-catalogo",
    "lockedAt":  "2026-09-28 17:54",
    "total":  3,
    "files":  [
                  {
                      "path":  "tv-web/src/lib/catalog/catalogSearch.contract.test.ts",
                      "sha256":  "b9460f7cd713133d6bcd74c4c8dafd5ff8b3aa2601edaaf2ce350ec872868240",
                      "tests":  2
                  },
                  {
                      "path":  "tv-web/src/lib/useRemoteNav.busca.contract.test.tsx",
                      "sha256":  "3610b4a0982052602f596ae9924563c1e661cd85801a0e19c1378c7039707626",
                      "tests":  1
                  }
              ]
}